
Microsoft Visual Studio Solution File, Format Version 12.00
# Visual Studio Version 17
VisualStudioVersion = 17.6.33801.468
MinimumVisualStudioVersion = 10.0.40219.1
Project("{FAE04EC0-301F-11D3-BF4B-00C04F79EFBC}") = "Carcollection", "Carcollection.csproj", "{532F7FD1-3E81-4951-9F66-272C1FBB25C6}"
EndProject
Global
	GlobalSection(SolutionConfigurationPlatforms) = preSolution
		Debug|Any CPU = Debug|Any CPU
		Release|Any CPU = Release|Any CPU
	EndGlobalSection
	GlobalSection(ProjectConfigurationPlatforms) = postSolution
		{532F7FD1-3E81-4951-9F66-272C1FBB25C6}.Debug|Any CPU.ActiveCfg = Debug|Any CPU
		{532F7FD1-3E81-4951-9F66-272C1FBB25C6}.Debug|Any CPU.Build.0 = Debug|Any CPU
		{532F7FD1-3E81-4951-9F66-272C1FBB25C6}.Release|Any CPU.ActiveCfg = Release|Any CPU
		{532F7FD1-3E81-4951-9F66-272C1FBB25C6}.Release|Any CPU.Build.0 = Release|Any CPU
	EndGlobalSection
	GlobalSection(SolutionProperties) = preSolution
		HideSolutionNode = FALSE
	EndGlobalSection
	GlobalSection(ExtensibilityGlobals) = postSolution
		SolutionGuid = {26D4EDDB-08D4-4E94-BC3E-4CBD857C1EAA}
	EndGlobalSection
EndGlobal
